
Microsoft Visual Studio Solution File, Format Version 12.00
# Visual Studio Version 16
VisualStudioVersion = 16.0.29709.97
MinimumVisualStudioVersion = 10.0.40219.1
Project("{FAE04EC0-301F-11D3-BF4B-00C04F79EFBC}") = "ScanSystems.Marking.Demo.Android", "ScanSystems.Marking.Demo\ScanSystems.Marking.Demo.Android\ScanSystems.Marking.Demo.Android.csproj", "{31C63C3E-3547-4666-ABB6-9E0DCFA61411}"
EndProject
Project("{FAE04EC0-301F-11D3-BF4B-00C04F79EFBC}") = "ScanSystems.Marking.Demo", "ScanSystems.Marking.Demo\ScanSystems.Marking.Demo\ScanSystems.Marking.Demo.csproj", "{E1CE3EBA-C821-4AD1-98D8-C0756D984078}"
EndProject
Project("{FAE04EC0-301F-11D3-BF4B-00C04F79EFBC}") = "ScaSystems.Marking.DAL", "ScaSystems.Marking.DAL\ScaSystems.Marking.DAL.csproj", "{382241CF-D2BA-4214-8191-92D8C785EBEF}"
EndProject
Project("{FAE04EC0-301F-11D3-BF4B-00C04F79EFBC}") = "ScanSystems.Logic", "ScanSystems.Logic\ScanSystems.Logic.csproj", "{B07E3FBA-FF02-4936-A19F-B7FB2B4AB504}"
EndProject
Global
	GlobalSection(SolutionConfigurationPlatforms) = preSolution
		Debug|Any CPU = Debug|Any CPU
		Release|Any CPU = Release|Any CPU
	EndGlobalSection
	GlobalSection(ProjectConfigurationPlatforms) = postSolution
		{31C63C3E-3547-4666-ABB6-9E0DCFA61411}.Debug|Any CPU.ActiveCfg = Debug|Any CPU
		{31C63C3E-3547-4666-ABB6-9E0DCFA61411}.Debug|Any CPU.Build.0 = Debug|Any CPU
		{31C63C3E-3547-4666-ABB6-9E0DCFA61411}.Debug|Any CPU.Deploy.0 = Debug|Any CPU
		{31C63C3E-3547-4666-ABB6-9E0DCFA61411}.Release|Any CPU.ActiveCfg = Release|Any CPU
		{31C63C3E-3547-4666-ABB6-9E0DCFA61411}.Release|Any CPU.Build.0 = Release|Any CPU
		{31C63C3E-3547-4666-ABB6-9E0DCFA61411}.Release|Any CPU.Deploy.0 = Release|Any CPU
		{E1CE3EBA-C821-4AD1-98D8-C0756D984078}.Debug|Any CPU.ActiveCfg = Debug|Any CPU
		{E1CE3EBA-C821-4AD1-98D8-C0756D984078}.Debug|Any CPU.Build.0 = Debug|Any CPU
		{E1CE3EBA-C821-4AD1-98D8-C0756D984078}.Debug|Any CPU.Deploy.0 = Debug|Any CPU
		{E1CE3EBA-C821-4AD1-98D8-C0756D984078}.Release|Any CPU.ActiveCfg = Release|Any CPU
		{E1CE3EBA-C821-4AD1-98D8-C0756D984078}.Release|Any CPU.Build.0 = Release|Any CPU
		{E1CE3EBA-C821-4AD1-98D8-C0756D984078}.Release|Any CPU.Deploy.0 = Release|Any CPU
		{382241CF-D2BA-4214-8191-92D8C785EBEF}.Debug|Any CPU.ActiveCfg = Debug|Any CPU
		{382241CF-D2BA-4214-8191-92D8C785EBEF}.Debug|Any CPU.Build.0 = Debug|Any CPU
		{382241CF-D2BA-4214-8191-92D8C785EBEF}.Release|Any CPU.ActiveCfg = Release|Any CPU
		{382241CF-D2BA-4214-8191-92D8C785EBEF}.Release|Any CPU.Build.0 = Release|Any CPU
		{B07E3FBA-FF02-4936-A19F-B7FB2B4AB504}.Debug|Any CPU.ActiveCfg = Debug|Any CPU
		{B07E3FBA-FF02-4936-A19F-B7FB2B4AB504}.Debug|Any CPU.Build.0 = Debug|Any CPU
		{B07E3FBA-FF02-4936-A19F-B7FB2B4AB504}.Release|Any CPU.ActiveCfg = Release|Any CPU
		{B07E3FBA-FF02-4936-A19F-B7FB2B4AB504}.Release|Any CPU.Build.0 = Release|Any CPU
	EndGlobalSection
	GlobalSection(SolutionProperties) = preSolution
		HideSolutionNode = FALSE
	EndGlobalSection
	GlobalSection(ExtensibilityGlobals) = postSolution
		SolutionGuid = {0EE78AC6-B16C-41D5-8772-D490691B36D2}
	EndGlobalSection
EndGlobal
